// !$*UTF8*$!
{
	archiveVersion = 1;
	classes = {
	};
	objectVersion = 50;
	objects = {

/* Begin PBXBuildFile section */
		D52DB08024F7ED030089535B /* AppDelegate.swift in Sources */ = {isa = PBXBuildFile; fileRef = D52DB07F24F7ED030089535B /* AppDelegate.swift */; };
		D52DB08224F7ED030089535B /* SceneDelegate.swift in Sources */ = {isa = PBXBuildFile; fileRef = D52DB08124F7ED030089535B /* SceneDelegate.swift */; };
		D52DB08424F7ED030089535B /* ContentView.swift in Sources */ = {isa = PBXBuildFile; fileRef = D52DB08324F7ED030089535B /* ContentView.swift */; };
		D52DB08624F7ED050089535B /* Assets.xcassets in Resources */ = {isa = PBXBuildFile; fileRef = D52DB08524F7ED050089535B /* Assets.xcassets */; };
		D52DB08924F7ED050089535B /* Preview Assets.xcassets in Resources */ = {isa = PBXBuildFile; fileRef = D52DB08824F7ED050089535B /* Preview Assets.xcassets */; };
		D52DB08C24F7ED050089535B /* LaunchScreen.storyboard in Resources */ = {isa = PBXBuildFile; fileRef = D52DB08A24F7ED050089535B /* LaunchScreen.storyboard */; };
		D5DEFBEA24F85E8800336425 /* SoundPlayer.swift in Sources */ = {isa = PBXBuildFile; fileRef = D5DEFBE924F85E8800336425 /* SoundPlayer.swift */; };
		D5DEFBEC24F860CC00336425 /* ROCKY-BALBOA-Theme-Song.mp3 in Resources */ = {isa = PBXBuildFile; fileRef = D5DEFBEB24F860CC00336425 /* ROCKY-BALBOA-Theme-Song.mp3 */; };
/* End PBXBuildFile section */

/* Begin PBXFileReference section */
		D52DB07C24F7ED030089535B /* X-O.app */ = {isa = PBXFileReference; explicitFileType = wrapper.application; includeInIndex = 0; path = "X-O.app"; sourceTree = BUILT_PRODUCTS_DIR; };
		D52DB07F24F7ED030089535B /* AppDelegate.swift */ = {isa = PBXFileReference; lastKnownFileType = sourcecode.swift; path = AppDelegate.swift; sourceTree = "<group>"; };
		D52DB08124F7ED030089535B /* SceneDelegate.swift */ = {isa = PBXFileReference; lastKnownFileType = sourcecode.swift; path = SceneDelegate.swift; sourceTree = "<group>"; };
		D52DB08324F7ED030089535B /* ContentView.swift */ = {isa = PBXFileReference; lastKnownFileType = sourcecode.swift; path = ContentView.swift; sourceTree = "<group>"; };
		D52DB08524F7ED050089535B /* Assets.xcassets */ = {isa = PBXFileReference; lastKnownFileType = folder.assetcatalog; path = Assets.xcassets; sourceTree = "<group>"; };
		D52DB08824F7ED050089535B /* Preview Assets.xcassets */ = {isa = PBXFileReference; lastKnownFileType = folder.assetcatalog; path = "Preview Assets.xcassets"; sourceTree = "<group>"; };
		D52DB08B24F7ED050089535B /* Base */ = {isa = PBXFileReference; lastKnownFileType = file.storyboard; name = Base; path = Base.lproj/LaunchScreen.storyboard; sourceTree = "<group>"; };
		D52DB08D24F7ED050089535B /* Info.plist */ = {isa = PBXFileReference; lastKnownFileType = text.plist.xml; path = Info.plist; sourceTree = "<group>"; };
		D5DEFBE924F85E8800336425 /* SoundPlayer.swift */ = {isa = PBXFileReference; lastKnownFileType = sourcecode.swift; path = SoundPlayer.swift; sourceTree = "<group>"; };
		D5DEFBEB24F860CC00336425 /* ROCKY-BALBOA-Theme-Song.mp3 */ = {isa = PBXFileReference; lastKnownFileType = audio.mp3; path = "ROCKY-BALBOA-Theme-Song.mp3"; sourceTree = "<group>"; };
/* End PBXFileReference section */

/* Begin PBXFrameworksBuildPhase section */
		D52DB07924F7ED030089535B /* Frameworks */ = {
			isa = PBXFrameworksBuildPhase;
			buildActionMask = 2147483647;
			files = (
			);
			runOnlyForDeploymentPostprocessing = 0;
		};
/* End PBXFrameworksBuildPhase section */

/* Begin PBXGroup section */
		D52DB07324F7ED030089535B = {
			isa = PBXGroup;
			children = (
				D52DB07E24F7ED030089535B /* X-O */,
				D52DB07D24F7ED030089535B /* Products */,
			);
			sourceTree = "<group>";
		};
		D52DB07D24F7ED030089535B /* Products */ = {
			isa = PBXGroup;
			children = (
				D52DB07C24F7ED030089535B /* X-O.app */,
			);
			name = Products;
			sourceTree = "<group>";
		};
		D52DB07E24F7ED030089535B /* X-O */ = {
			isa = PBXGroup;
			children = (
				D5DEFBEB24F860CC00336425 /* ROCKY-BALBOA-Theme-Song.mp3 */,
				D52DB07F24F7ED030089535B /* AppDelegate.swift */,
				D52DB08124F7ED030089535B /* SceneDelegate.swift */,
				D52DB08324F7ED030089535B /* ContentView.swift */,
				D5DEFBE924F85E8800336425 /* SoundPlayer.swift */,
				D52DB08524F7ED050089535B /* Assets.xcassets */,
				D52DB08A24F7ED050089535B /* LaunchScreen.storyboard */,
				D52DB08D24F7ED050089535B /* Info.plist */,
				D52DB08724F7ED050089535B /* Preview Content */,
			);
			path = "X-O";
			sourceTree = "<group>";
		};
		D52DB08724F7ED050089535B /* Preview Content */ = {
			isa = PBXGroup;
			children = (
				D52DB08824F7ED050089535B /* Preview Assets.xcassets */,
			);
			path = "Preview Content";
			sourceTree = "<group>";
		};
/* End PBXGroup section */

/* Begin PBXNativeTarget section */
		D52DB07B24F7ED030089535B /* X-O */ = {
			isa = PBXNativeTarget;
			buildConfigurationList = D52DB09024F7ED050089535B /* Build configuration list for PBXNativeTarget "X-O" */;
			buildPhases = (
				D52DB07824F7ED030089535B /* Sources */,
				D52DB07924F7ED030089535B /* Frameworks */,
				D52DB07A24F7ED030089535B /* Resources */,
			);
			buildRules = (
			);
			dependencies = (
			);
			name = "X-O";
			productName = "X-O";
			productReference = D52DB07C24F7ED030089535B /* X-O.app */;
			productType = "com.apple.product-type.application";
		};
/* End PBXNativeTarget section */

/* Begin PBXProject section */
		D52DB07424F7ED030089535B /* Project object */ = {
			isa = PBXProject;
			attributes = {
				LastSwiftUpdateCheck = 1160;
				LastUpgradeCheck = 1160;
				ORGANIZATIONNAME = Haider;
				TargetAttributes = {
					D52DB07B24F7ED030089535B = {
						CreatedOnToolsVersion = 11.6;
					};
				};
			};
			buildConfigurationList = D52DB07724F7ED030089535B /* Build configuration list for PBXProject "X-O" */;
			compatibilityVersion = "Xcode 9.3";
			developmentRegion = en;
			hasScannedForEncodings = 0;
			knownRegions = (
				en,
				Base,
			);
			mainGroup = D52DB07324F7ED030089535B;
			productRefGroup = D52DB07D24F7ED030089535B /* Products */;
			projectDirPath = "";
			projectRoot = "";
			targets = (
				D52DB07B24F7ED030089535B /* X-O */,
			);
		};
/* End PBXProject section */

/* Begin PBXResourcesBuildPhase section */
		D52DB07A24F7ED030089535B /* Resources */ = {
			isa = PBXResourcesBuildPhase;
			buildActionMask = 2147483647;
			files = (
				D52DB08C24F7ED050089535B /* LaunchScreen.storyboard in Resources */,
				D52DB08924F7ED050089535B /* Preview Assets.xcassets in Resources */,
				D52DB08624F7ED050089535B /* Assets.xcassets in Resources */,
				D5DEFBEC24F860CC00336425 /* ROCKY-BALBOA-Theme-Song.mp3 in Resources */,
			);
			runOnlyForDeploymentPostprocessing = 0;
		};
/* End PBXResourcesBuildPhase section */

/* Begin PBXSourcesBuildPhase section */
		D52DB07824F7ED030089535B /* Sources */ = {
			isa = PBXSourcesBuildPhase;
			buildActionMask = 2147483647;
			files = (
				D52DB08024F7ED030089535B /* AppDelegate.swift in Sources */,
				D52DB08224F7ED030089535B /* SceneDelegate.swift in Sources */,
				D5DEFBEA24F85E8800336425 /* SoundPlayer.swift in Sources */,
				D52DB08424F7ED030089535B /* ContentView.swift in Sources */,
			);
			runOnlyForDeploymentPostprocessing = 0;
		};
/* End PBXSourcesBuildPhase section */

/* Begin PBXVariantGroup section */
		D52DB08A24F7ED050089535B /* LaunchScreen.storyboard */ = {
			isa = PBXVariantGroup;
			children = (
				D52DB08B24F7ED050089535B /* Base */,
			);
			name = LaunchScreen.storyboard;
			sourceTree = "<group>";
		};
/* End PBXVariantGroup section */

/* Begin XCBuildConfiguration section */
		D52DB08E24F7ED050089535B /* Debug */ = {
			isa = XCBuildConfiguration;
			buildSettings = {
				ALWAYS_SEARCH_USER_PATHS = NO;
				CLANG_ANALYZER_NONNULL = YES;
				CLANG_ANALYZER_NUMBER_OBJECT_CONVERSION = YES_AGGRESSIVE;
				CLANG_CXX_LANGUAGE_STANDARD = "gnu++14";
				CLANG_CXX_LIBRARY = "libc++";
				CLANG_ENABLE_MODULES = YES;
				CLANG_ENABLE_OBJC_ARC = YES;
				CLANG_ENABLE_OBJC_WEAK = YES;
				CLANG_WARN_BLOCK_CAPTURE_AUTORELEASING = YES;
				CLANG_WARN_BOOL_CONVERSION = YES;
				CLANG_WARN_COMMA = YES;
				CLANG_WARN_CONSTANT_CONVERSION = YES;
				CLANG_WARN_DEPRECATED_OBJC_IMPLEMENTATIONS = YES;
				CLANG_WARN_DIRECT_OBJC_ISA_USAGE = YES_ERROR;
				CLANG_WARN_DOCUMENTATION_COMMENTS = YES;
				CLANG_WARN_EMPTY_BODY = YES;
				CLANG_WARN_ENUM_CONVERSION = YES;
				CLANG_WARN_INFINITE_RECURSION = YES;
				CLANG_WARN_INT_CONVERSION = YES;
				CLANG_WARN_NON_LITERAL_NULL_CONVERSION = YES;
				CLANG_WARN_OBJC_IMPLICIT_RETAIN_SELF = YES;
				CLANG_WARN_OBJC_LITERAL_CONVERSION = YES;
				CLANG_WARN_OBJC_ROOT_CLASS = YES_ERROR;
				CLANG_WARN_RANGE_LOOP_ANALYSIS = YES;
				CLANG_WARN_STRICT_PROTOTYPES = YES;
				CLANG_WARN_SUSPICIOUS_MOVE = YES;
				CLANG_WARN_UNGUARDED_AVAILABILITY = YES_AGGRESSIVE;
				CLANG_WARN_UNREACHABLE_CODE = YES;
				CLANG_WARN__DUPLICATE_METHOD_MATCH = YES;
				COPY_PHASE_STRIP = NO;
				DEBUG_INFORMATION_FORMAT = dwarf;
				ENABLE_STRICT_OBJC_MSGSEND = YES;
				ENABLE_TESTABILITY = YES;
				GCC_C_LANGUAGE_STANDARD = gnu11;
				GCC_DYNAMIC_NO_PIC = NO;
				GCC_NO_COMMON_BLOCKS = YES;
				GCC_OPTIMIZATION_LEVEL = 0;
				GCC_PREPROCESSOR_DEFINITIONS = (
					"DEBUG=1",
					"$(inherited)",
				);
				GCC_WARN_64_TO_32_BIT_CONVERSION = YES;
				GCC_WARN_ABOUT_RETURN_TYPE = YES_ERROR;
				GCC_WARN_UNDECLARED_SELECTOR = YES;
				GCC_WARN_UNINITIALIZED_AUTOS = YES_AGGRESSIVE;
				GCC_WARN_UNUSED_FUNCTION = YES;
				GCC_WARN_UNUSED_VARIABLE = YES;
				IPHONEOS_DEPLOYMENT_TARGET = 13.6;
				MTL_ENABLE_DEBUG_INFO = INCLUDE_SOURCE;
				MTL_FAST_MATH = YES;
				ONLY_ACTIVE_ARCH = YES;
				SDKROOT = iphoneos;
				SWIFT_ACTIVE_COMPILATION_CONDITIONS = DEBUG;
				SWIFT_OPTIMIZATION_LEVEL = "-Onone";
			};
			name = Debug;
		};
		D52DB08F24F7ED050089535B /* Release */ = {
			isa = XCBuildConfiguration;
			buildSettings = {
				ALWAYS_SEARCH_USER_PATHS = NO;
				CLANG_ANALYZER_NONNULL = YES;
				CLANG_ANALYZER_NUMBER_OBJECT_CONVERSION = YES_AGGRESSIVE;
				CLANG_CXX_LANGUAGE_STANDARD = "gnu++14";
				CLANG_CXX_LIBRARY = "libc++";
				CLANG_ENABLE_MODULES = YES;
				CLANG_ENABLE_OBJC_ARC = YES;
				CLANG_ENABLE_OBJC_WEAK = YES;
				CLANG_WARN_BLOCK_CAPTURE_AUTORELEASING = YES;
				CLANG_WARN_BOOL_CONVERSION = YES;
				CLANG_WARN_COMMA = YES;
				CLANG_WARN_CONSTANT_CONVERSION = YES;
				CLANG_WARN_DEPRECATED_OBJC_IMPLEMENTATIONS = YES;
				CLANG_WARN_DIRECT_OBJC_ISA_USAGE = YES_ERROR;
				CLANG_WARN_DOCUMENTATION_COMMENTS = YES;
				CLANG_WARN_EMPTY_BODY = YES;
				CLANG_WARN_ENUM_CONVERSION = YES;
				CLANG_WARN_INFINITE_RECURSION = YES;
				CLANG_WARN_INT_CONVERSION = YES;
				CLANG_WARN_NON_LITERAL_NULL_CONVERSION = YES;
				CLANG_WARN_OBJC_IMPLICIT_RETAIN_SELF = YES;
				CLANG_WARN_OBJC_LITERAL_CONVERSION = YES;
				CLANG_WARN_OBJC_ROOT_CLASS = YES_ERROR;
				CLANG_WARN_RANGE_LOOP_ANALYSIS = YES;
				CLANG_WARN_STRICT_PROTOTYPES = YES;
				CLANG_WARN_SUSPICIOUS_MOVE = YES;
				CLANG_WARN_UNGUARDED_AVAILABILITY = YES_AGGRESSIVE;
				CLANG_WARN_UNREACHABLE_CODE = YES;
				CLANG_WARN__DUPLICATE_METHOD_MATCH = YES;
				COPY_PHASE_STRIP = NO;
				DEBUG_INFORMATION_FORMAT = "dwarf-with-dsym";
				ENABLE_NS_ASSERTIONS = NO;
				ENABLE_STRICT_OBJC_MSGSEND = YES;
				GCC_C_LANGUAGE_STANDARD = gnu11;
				GCC_NO_COMMON_BLOCKS = YES;
				GCC_WARN_64_TO_32_BIT_CONVERSION = YES;
				GCC_WARN_ABOUT_RETURN_TYPE = YES_ERROR;
				GCC_WARN_UNDECLARED_SELECTOR = YES;
				GCC_WARN_UNINITIALIZED_AUTOS = YES_AGGRESSIVE;
				GCC_WARN_UNUSED_FUNCTION = YES;
				GCC_WARN_UNUSED_VARIABLE = YES;
				IPHONEOS_DEPLOYMENT_TARGET = 13.6;
				MTL_ENABLE_DEBUG_INFO = NO;
				MTL_FAST_MATH = YES;
				SDKROOT = iphoneos;
				SWIFT_COMPILATION_MODE = wholemodule;
				SWIFT_OPTIMIZATION_LEVEL = "-O";
				VALIDATE_PRODUCT = YES;
			};
			name = Release;
		};
		D52DB09124F7ED050089535B /* Debug */ = {
			isa = XCBuildConfiguration;
			buildSettings = {
				ASSETCATALOG_COMPILER_APPICON_NAME = AppIcon;
				CODE_SIGN_STYLE = Automatic;
				DEVELOPMENT_ASSET_PATHS = "\"X-O/Preview Content\"";
				ENABLE_PREVIEWS = YES;
				INFOPLIST_FILE = "X-O/Info.plist";
				LD_RUNPATH_SEARCH_PATHS = (
					"$(inherited)",
					"@executable_path/Frameworks",
				);
				PRODUCT_BUNDLE_IDENTIFIER = "com.hab.X-O";
				PRODUCT_NAME = "$(TARGET_NAME)";
				SWIFT_VERSION = 5.0;
				TARGETED_DEVICE_FAMILY = "1,2";
			};
			name = Debug;
		};
		D52DB09224F7ED050089535B /* Release */ = {
			isa = XCBuildConfiguration;
			buildSettings = {
				ASSETCATALOG_COMPILER_APPICON_NAME = AppIcon;
				CODE_SIGN_STYLE = Automatic;
				DEVELOPMENT_ASSET_PATHS = "\"X-O/Preview Content\"";
				ENABLE_PREVIEWS = YES;
				INFOPLIST_FILE = "X-O/Info.plist";
				LD_RUNPATH_SEARCH_PATHS = (
					"$(inherited)",
					"@executable_path/Frameworks",
				);
				PRODUCT_BUNDLE_IDENTIFIER = "com.hab.X-O";
				PRODUCT_NAME = "$(TARGET_NAME)";
				SWIFT_VERSION = 5.0;
				TARGETED_DEVICE_FAMILY = "1,2";
			};
			name = Release;
		};
/* End XCBuildConfiguration section */

/* Begin XCConfigurationList section */
		D52DB07724F7ED030089535B /* Build configuration list for PBXProject "X-O" */ = {
			isa = XCConfigurationList;
			buildConfigurations = (
				D52DB08E24F7ED050089535B /* Debug */,
				D52DB08F24F7ED050089535B /* Release */,
			);
			defaultConfigurationIsVisible = 0;
			defaultConfigurationName = Release;
		};
		D52DB09024F7ED050089535B /* Build configuration list for PBXNativeTarget "X-O" */ = {
			isa = XCConfigurationList;
			buildConfigurations = (
				D52DB09124F7ED050089535B /* Debug */,
				D52DB09224F7ED050089535B /* Release */,
			);
			defaultConfigurationIsVisible = 0;
			defaultConfigurationName = Release;
		};
/* End XCConfigurationList section */
	};
	rootObject = D52DB07424F7ED030089535B /* Project object */;
}
